
Microsoft Visual Studio Solution File, Format Version 12.00
# Visual Studio Version 16
VisualStudioVersion = 16.0.31129.286
MinimumVisualStudioVersion = 10.0.40219.1
Project("{9A19103F-16F7-4668-BE54-9A1E7A4F7556}") = "HUGs", "HUGs\HUGs.csproj", "{7EEEE452-D842-4827-A819-A7F96E62A53C}"
EndProject
Project("{9A19103F-16F7-4668-BE54-9A1E7A4F7556}") = "HUGs.Generator.DDD", "HUGs.Generator.DDD\HUGs.Generator.DDD.csproj", "{7928568E-8B91-47EF-8639-CB3490B27BE8}"
EndProject
Project("{9A19103F-16F7-4668-BE54-9A1E7A4F7556}") = "Playground", "Playground\Playground.csproj", "{BAB5A8C4-D22E-4E6C-ABF8-A5BCCA425088}"
EndProject
Project("{9A19103F-16F7-4668-BE54-9A1E7A4F7556}") = "HUGs.Generator.DDD.Tests", "HUGs.Generator.DDD.Tests\HUGs.Generator.DDD.Tests.csproj", "{A36178EB-24DE-465A-8BAA-4B7CDDA22ED8}"
EndProject
Project("{9A19103F-16F7-4668-BE54-9A1E7A4F7556}") = "HUGs.Generator.DDD.Common", "HUGs.Generator.DDD.Common\HUGs.Generator.DDD.Common.csproj", "{764901DD-1EFC-4773-AB3E-AA7EABDBB03D}"
EndProject
Project("{9A19103F-16F7-4668-BE54-9A1E7A4F7556}") = "HUGs.Generator.Common", "HUGs.Generator.Common\HUGs.Generator.Common.csproj", "{21B1E1C6-C5F6-4B03-BCE3-6D98509532FF}"
EndProject
Project("{9A19103F-16F7-4668-BE54-9A1E7A4F7556}") = "HUGs.Generator.Common.Tests", "HUGs.Generator.Common.Tests\HUGs.Generator.Common.Tests.csproj", "{715EE98D-B83E-481C-AD86-7BCC8946C51F}"
EndProject
Project("{FAE04EC0-301F-11D3-BF4B-00C04F79EFBC}") = "HUGs.Generator.Tests.Tools", "HUGs.Generator.Tests.Tools\HUGs.Generator.Tests.Tools.csproj", "{EA604C06-1DF6-4AB1-9422-162A9496099C}"
EndProject
Project("{2150E333-8FDC-42A3-9474-1A3956D46DE8}") = "Tests", "Tests", "{534EEE92-CFDC-4D1F-B567-9DCF1755BF9B}"
EndProject
Project("{2150E333-8FDC-42A3-9474-1A3956D46DE8}") = "Ddd", "Ddd", "{892B3634-E193-4830-AE98-3E9312444A85}"
EndProject
Global
	GlobalSection(SolutionConfigurationPlatforms) = preSolution
		Debug|Any CPU = Debug|Any CPU
		Release|Any CPU = Release|Any CPU
	EndGlobalSection
	GlobalSection(ProjectConfigurationPlatforms) = postSolution
		{7EEEE452-D842-4827-A819-A7F96E62A53C}.Debug|Any CPU.ActiveCfg = Debug|Any CPU
		{7EEEE452-D842-4827-A819-A7F96E62A53C}.Debug|Any CPU.Build.0 = Debug|Any CPU
		{7EEEE452-D842-4827-A819-A7F96E62A53C}.Release|Any CPU.ActiveCfg = Release|Any CPU
		{7EEEE452-D842-4827-A819-A7F96E62A53C}.Release|Any CPU.Build.0 = Release|Any CPU
		{7928568E-8B91-47EF-8639-CB3490B27BE8}.Debug|Any CPU.ActiveCfg = Debug|Any CPU
		{7928568E-8B91-47EF-8639-CB3490B27BE8}.Debug|Any CPU.Build.0 = Debug|Any CPU
		{7928568E-8B91-47EF-8639-CB3490B27BE8}.Release|Any CPU.ActiveCfg = Release|Any CPU
		{7928568E-8B91-47EF-8639-CB3490B27BE8}.Release|Any CPU.Build.0 = Release|Any CPU
		{BAB5A8C4-D22E-4E6C-ABF8-A5BCCA425088}.Debug|Any CPU.ActiveCfg = Debug|Any CPU
		{BAB5A8C4-D22E-4E6C-ABF8-A5BCCA425088}.Debug|Any CPU.Build.0 = Debug|Any CPU
		{BAB5A8C4-D22E-4E6C-ABF8-A5BCCA425088}.Release|Any CPU.ActiveCfg = Release|Any CPU
		{BAB5A8C4-D22E-4E6C-ABF8-A5BCCA425088}.Release|Any CPU.Build.0 = Release|Any CPU
		{A36178EB-24DE-465A-8BAA-4B7CDDA22ED8}.Debug|Any CPU.ActiveCfg = Debug|Any CPU
		{A36178EB-24DE-465A-8BAA-4B7CDDA22ED8}.Debug|Any CPU.Build.0 = Debug|Any CPU
		{A36178EB-24DE-465A-8BAA-4B7CDDA22ED8}.Release|Any CPU.ActiveCfg = Release|Any CPU
		{A36178EB-24DE-465A-8BAA-4B7CDDA22ED8}.Release|Any CPU.Build.0 = Release|Any CPU
		{764901DD-1EFC-4773-AB3E-AA7EABDBB03D}.Debug|Any CPU.ActiveCfg = Debug|Any CPU
		{764901DD-1EFC-4773-AB3E-AA7EABDBB03D}.Debug|Any CPU.Build.0 = Debug|Any CPU
		{764901DD-1EFC-4773-AB3E-AA7EABDBB03D}.Release|Any CPU.ActiveCfg = Release|Any CPU
		{764901DD-1EFC-4773-AB3E-AA7EABDBB03D}.Release|Any CPU.Build.0 = Release|Any CPU
		{21B1E1C6-C5F6-4B03-BCE3-6D98509532FF}.Debug|Any CPU.ActiveCfg = Debug|Any CPU
		{21B1E1C6-C5F6-4B03-BCE3-6D98509532FF}.Debug|Any CPU.Build.0 = Debug|Any CPU
		{21B1E1C6-C5F6-4B03-BCE3-6D98509532FF}.Release|Any CPU.ActiveCfg = Release|Any CPU
		{21B1E1C6-C5F6-4B03-BCE3-6D98509532FF}.Release|Any CPU.Build.0 = Release|Any CPU
		{715EE98D-B83E-481C-AD86-7BCC8946C51F}.Debug|Any CPU.ActiveCfg = Debug|Any CPU
		{715EE98D-B83E-481C-AD86-7BCC8946C51F}.Debug|Any CPU.Build.0 = Debug|Any CPU
		{715EE98D-B83E-481C-AD86-7BCC8946C51F}.Release|Any CPU.ActiveCfg = Release|Any CPU
		{715EE98D-B83E-481C-AD86-7BCC8946C51F}.Release|Any CPU.Build.0 = Release|Any CPU
		{EA604C06-1DF6-4AB1-9422-162A9496099C}.Debug|Any CPU.ActiveCfg = Debug|Any CPU
		{EA604C06-1DF6-4AB1-9422-162A9496099C}.Debug|Any CPU.Build.0 = Debug|Any CPU
		{EA604C06-1DF6-4AB1-9422-162A9496099C}.Release|Any CPU.ActiveCfg = Release|Any CPU
		{EA604C06-1DF6-4AB1-9422-162A9496099C}.Release|Any CPU.Build.0 = Release|Any CPU
	EndGlobalSection
	GlobalSection(SolutionProperties) = preSolution
		HideSolutionNode = FALSE
	EndGlobalSection
	GlobalSection(NestedProjects) = preSolution
		{7928568E-8B91-47EF-8639-CB3490B27BE8} = {892B3634-E193-4830-AE98-3E9312444A85}
		{A36178EB-24DE-465A-8BAA-4B7CDDA22ED8} = {534EEE92-CFDC-4D1F-B567-9DCF1755BF9B}
		{764901DD-1EFC-4773-AB3E-AA7EABDBB03D} = {892B3634-E193-4830-AE98-3E9312444A85}
		{715EE98D-B83E-481C-AD86-7BCC8946C51F} = {534EEE92-CFDC-4D1F-B567-9DCF1755BF9B}
		{EA604C06-1DF6-4AB1-9422-162A9496099C} = {534EEE92-CFDC-4D1F-B567-9DCF1755BF9B}
	EndGlobalSection
	GlobalSection(ExtensibilityGlobals) = postSolution
		SolutionGuid = {3B018CE2-115E-4019-A254-9C98BD6DFCA4}
	EndGlobalSection
EndGlobal
